// !$*UTF8*$!
{
	archiveVersion = 1;
	classes = {
	};
	objectVersion = 56;
	objects = {

/* Begin PBXBuildFile section */
		4528228E29C6BB0E006B919C /* SearchViewController.swift in Sources */ = {isa = PBXBuildFile; fileRef = 4528228D29C6BB0E006B919C /* SearchViewController.swift */; };
		4538EFC329DFF5F600E64220 /* MyPostViewController.swift in Sources */ = {isa = PBXBuildFile; fileRef = 4538EFC229DFF5F600E64220 /* MyPostViewController.swift */; };
		453D797B29C0534A00444F5C /* PostTableViewCell.swift in Sources */ = {isa = PBXBuildFile; fileRef = 453D797A29C0534A00444F5C /* PostTableViewCell.swift */; };
		453D797D29C1BCD900444F5C /* CommentTableViewCell.swift in Sources */ = {isa = PBXBuildFile; fileRef = 453D797C29C1BCD900444F5C /* CommentTableViewCell.swift */; };
		453D798029C4510500444F5C /* Unit.swift in Sources */ = {isa = PBXBuildFile; fileRef = 453D797F29C4510500444F5C /* Unit.swift */; };
		4564202829BDEB7E007CA516 /* GoogleService-Info.plist in Resources */ = {isa = PBXBuildFile; fileRef = 4564202729BDEB7E007CA516 /* GoogleService-Info.plist */; };
		457F1FE429C98D170055420A /* WritePostForm.swift in Sources */ = {isa = PBXBuildFile; fileRef = 457F1FE329C98D170055420A /* WritePostForm.swift */; };
		457F1FE829C98D690055420A /* PostListViewModel.swift in Sources */ = {isa = PBXBuildFile; fileRef = 457F1FE729C98D690055420A /* PostListViewModel.swift */; };
		457F1FEA29C9C5C10055420A /* SettingViewModel.swift in Sources */ = {isa = PBXBuildFile; fileRef = 457F1FE929C9C5C10055420A /* SettingViewModel.swift */; };
		457F1FEC29CA8C7F0055420A /* PostDetailTableViewCell.swift in Sources */ = {isa = PBXBuildFile; fileRef = 457F1FEB29CA8C7F0055420A /* PostDetailTableViewCell.swift */; };
		4580009D29D06D4C00ED237C /* LoginViewModel.swift in Sources */ = {isa = PBXBuildFile; fileRef = 4580009C29D06D4C00ED237C /* LoginViewModel.swift */; };
		458E5AD929B9A5FA00E48DBF /* AppDelegate.swift in Sources */ = {isa = PBXBuildFile; fileRef = 458E5AD829B9A5FA00E48DBF /* AppDelegate.swift */; };
		458E5ADB29B9A5FA00E48DBF /* SceneDelegate.swift in Sources */ = {isa = PBXBuildFile; fileRef = 458E5ADA29B9A5FA00E48DBF /* SceneDelegate.swift */; };
		458E5ADD29B9A5FA00E48DBF /* ViewController.swift in Sources */ = {isa = PBXBuildFile; fileRef = 458E5ADC29B9A5FA00E48DBF /* ViewController.swift */; };
		458E5AE229B9A5FB00E48DBF /* Assets.xcassets in Resources */ = {isa = PBXBuildFile; fileRef = 458E5AE129B9A5FB00E48DBF /* Assets.xcassets */; };
		458E5AE529B9A5FB00E48DBF /* LaunchScreen.storyboard in Resources */ = {isa = PBXBuildFile; fileRef = 458E5AE329B9A5FB00E48DBF /* LaunchScreen.storyboard */; };
		458E5AF129B9A73F00E48DBF /* PostViewModel.swift in Sources */ = {isa = PBXBuildFile; fileRef = 458E5AF029B9A73F00E48DBF /* PostViewModel.swift */; };
		458E5AF329B9A75300E48DBF /* PostForm.swift in Sources */ = {isa = PBXBuildFile; fileRef = 458E5AF229B9A75300E48DBF /* PostForm.swift */; };
		458E5AF529B9A7BC00E48DBF /* LoginViewController.swift in Sources */ = {isa = PBXBuildFile; fileRef = 458E5AF429B9A7BC00E48DBF /* LoginViewController.swift */; };
		458E5AF729B9A7D000E48DBF /* TabBarController.swift in Sources */ = {isa = PBXBuildFile; fileRef = 458E5AF629B9A7D000E48DBF /* TabBarController.swift */; };
		458E5AF929B9A7DF00E48DBF /* PostDetailViewController.swift in Sources */ = {isa = PBXBuildFile; fileRef = 458E5AF829B9A7DF00E48DBF /* PostDetailViewController.swift */; };
		458E5AFD29B9A80800E48DBF /* SettingViewController.swift in Sources */ = {isa = PBXBuildFile; fileRef = 458E5AFC29B9A80800E48DBF /* SettingViewController.swift */; };
		458E5AFF29B9A81100E48DBF /* AddPostViewController.swift in Sources */ = {isa = PBXBuildFile; fileRef = 458E5AFE29B9A81100E48DBF /* AddPostViewController.swift */; };
		458E5B0529BCBCD200E48DBF /* FirebaseDB.swift in Sources */ = {isa = PBXBuildFile; fileRef = 458E5B0429BCBCD200E48DBF /* FirebaseDB.swift */; };
		45B30E1C29E1A29200BB4768 /* KeyList.plist in Resources */ = {isa = PBXBuildFile; fileRef = 45B30E1B29E1A29200BB4768 /* KeyList.plist */; };
		45D0B23929D3E936003B91E2 /* SettingImageTableViewCell.swift in Sources */ = {isa = PBXBuildFile; fileRef = 45D0B23829D3E936003B91E2 /* SettingImageTableViewCell.swift */; };
		EA67BF6A8D6A37E897B96534 /* Pods_iDC_Project_basic.framework in Frameworks */ = {isa = PBXBuildFile; fileRef = 3F5025A10CA55AB8B7947488 /* Pods_iDC_Project_basic.framework */; };
/* End PBXBuildFile section */

/* Begin PBXFileReference section */
		02DE4FF5ECB7093FAA7D51A7 /* Pods-iDC_Project_basic.release.xcconfig */ = {isa = PBXFileReference; includeInIndex = 1; lastKnownFileType = text.xcconfig; name = "Pods-iDC_Project_basic.release.xcconfig"; path = "Target Support Files/Pods-iDC_Project_basic/Pods-iDC_Project_basic.release.xcconfig"; sourceTree = "<group>"; };
		3F5025A10CA55AB8B7947488 /* Pods_iDC_Project_basic.framework */ = {isa = PBXFileReference; explicitFileType = wrapper.framework; includeInIndex = 0; path = Pods_iDC_Project_basic.framework; sourceTree = BUILT_PRODUCTS_DIR; };
		4528228D29C6BB0E006B919C /* SearchViewController.swift */ = {isa = PBXFileReference; lastKnownFileType = sourcecode.swift; path = SearchViewController.swift; sourceTree = "<group>"; };
		4538EFC229DFF5F600E64220 /* MyPostViewController.swift */ = {isa = PBXFileReference; lastKnownFileType = sourcecode.swift; path = MyPostViewController.swift; sourceTree = "<group>"; };
		453D797A29C0534A00444F5C /* PostTableViewCell.swift */ = {isa = PBXFileReference; lastKnownFileType = sourcecode.swift; path = PostTableViewCell.swift; sourceTree = "<group>"; };
		453D797C29C1BCD900444F5C /* CommentTableViewCell.swift */ = {isa = PBXFileReference; lastKnownFileType = sourcecode.swift; path = CommentTableViewCell.swift; sourceTree = "<group>"; };
		453D797F29C4510500444F5C /* Unit.swift */ = {isa = PBXFileReference; lastKnownFileType = sourcecode.swift; path = Unit.swift; sourceTree = "<group>"; };
		4564202729BDEB7E007CA516 /* GoogleService-Info.plist */ = {isa = PBXFileReference; fileEncoding = 4; lastKnownFileType = text.plist.xml; path = "GoogleService-Info.plist"; sourceTree = "<group>"; };
		457F1FE329C98D170055420A /* WritePostForm.swift */ = {isa = PBXFileReference; lastKnownFileType = sourcecode.swift; path = WritePostForm.swift; sourceTree = "<group>"; };
		457F1FE729C98D690055420A /* PostListViewModel.swift */ = {isa = PBXFileReference; lastKnownFileType = sourcecode.swift; path = PostListViewModel.swift; sourceTree = "<group>"; };
		457F1FE929C9C5C10055420A /* SettingViewModel.swift */ = {isa = PBXFileReference; lastKnownFileType = sourcecode.swift; path = SettingViewModel.swift; sourceTree = "<group>"; };
		457F1FEB29CA8C7F0055420A /* PostDetailTableViewCell.swift */ = {isa = PBXFileReference; lastKnownFileType = sourcecode.swift; path = PostDetailTableViewCell.swift; sourceTree = "<group>"; };
		457F1FF029CEC1030055420A /* iDC_Project_basic.entitlements */ = {isa = PBXFileReference; lastKnownFileType = text.plist.entitlements; path = iDC_Project_basic.entitlements; sourceTree = "<group>"; };
		4580009C29D06D4C00ED237C /* LoginViewModel.swift */ = {isa = PBXFileReference; lastKnownFileType = sourcecode.swift; path = LoginViewModel.swift; sourceTree = "<group>"; };
		458E5AD529B9A5FA00E48DBF /* iDC_Project_basic.app */ = {isa = PBXFileReference; explicitFileType = wrapper.application; includeInIndex = 0; path = iDC_Project_basic.app; sourceTree = BUILT_PRODUCTS_DIR; };
		458E5AD829B9A5FA00E48DBF /* AppDelegate.swift */ = {isa = PBXFileReference; lastKnownFileType = sourcecode.swift; path = AppDelegate.swift; sourceTree = "<group>"; };
		458E5ADA29B9A5FA00E48DBF /* SceneDelegate.swift */ = {isa = PBXFileReference; lastKnownFileType = sourcecode.swift; path = SceneDelegate.swift; sourceTree = "<group>"; };
		458E5ADC29B9A5FA00E48DBF /* ViewController.swift */ = {isa = PBXFileReference; lastKnownFileType = sourcecode.swift; path = ViewController.swift; sourceTree = "<group>"; };
		458E5AE129B9A5FB00E48DBF /* Assets.xcassets */ = {isa = PBXFileReference; lastKnownFileType = folder.assetcatalog; path = Assets.xcassets; sourceTree = "<group>"; };
		458E5AE429B9A5FB00E48DBF /* Base */ = {isa = PBXFileReference; lastKnownFileType = file.storyboard; name = Base; path = Base.lproj/LaunchScreen.storyboard; sourceTree = "<group>"; };
		458E5AE629B9A5FB00E48DBF /* Info.plist */ = {isa = PBXFileReference; lastKnownFileType = text.plist.xml; path = Info.plist; sourceTree = "<group>"; };
		458E5AF029B9A73F00E48DBF /* PostViewModel.swift */ = {isa = PBXFileReference; lastKnownFileType = sourcecode.swift; path = PostViewModel.swift; sourceTree = "<group>"; };
		458E5AF229B9A75300E48DBF /* PostForm.swift */ = {isa = PBXFileReference; lastKnownFileType = sourcecode.swift; path = PostForm.swift; sourceTree = "<group>"; };
		458E5AF429B9A7BC00E48DBF /* LoginViewController.swift */ = {isa = PBXFileReference; lastKnownFileType = sourcecode.swift; path = LoginViewController.swift; sourceTree = "<group>"; };
		458E5AF629B9A7D000E48DBF /* TabBarController.swift */ = {isa = PBXFileReference; lastKnownFileType = sourcecode.swift; path = TabBarController.swift; sourceTree = "<group>"; };
		458E5AF829B9A7DF00E48DBF /* PostDetailViewController.swift */ = {isa = PBXFileReference; lastKnownFileType = sourcecode.swift; path = PostDetailViewController.swift; sourceTree = "<group>"; };
		458E5AFC29B9A80800E48DBF /* SettingViewController.swift */ = {isa = PBXFileReference; lastKnownFileType = sourcecode.swift; path = SettingViewController.swift; sourceTree = "<group>"; };
		458E5AFE29B9A81100E48DBF /* AddPostViewController.swift */ = {isa = PBXFileReference; lastKnownFileType = sourcecode.swift; path = AddPostViewController.swift; sourceTree = "<group>"; };
		458E5B0429BCBCD200E48DBF /* FirebaseDB.swift */ = {isa = PBXFileReference; lastKnownFileType = sourcecode.swift; path = FirebaseDB.swift; sourceTree = "<group>"; };
		45B30E1B29E1A29200BB4768 /* KeyList.plist */ = {isa = PBXFileReference; lastKnownFileType = text.plist.xml; path = KeyList.plist; sourceTree = "<group>"; };
		45D0B23829D3E936003B91E2 /* SettingImageTableViewCell.swift */ = {isa = PBXFileReference; lastKnownFileType = sourcecode.swift; path = SettingImageTableViewCell.swift; sourceTree = "<group>"; };
		EA7C1219EA2E1AF636A969F3 /* Pods-iDC_Project_basic.debug.xcconfig */ = {isa = PBXFileReference; includeInIndex = 1; lastKnownFileType = text.xcconfig; name = "Pods-iDC_Project_basic.debug.xcconfig"; path = "Target Support Files/Pods-iDC_Project_basic/Pods-iDC_Project_basic.debug.xcconfig"; sourceTree = "<group>"; };
/* End PBXFileReference section */

/* Begin PBXFrameworksBuildPhase section */
		458E5AD229B9A5FA00E48DBF /* Frameworks */ = {
			isa = PBXFrameworksBuildPhase;
			buildActionMask = 2147483647;
			files = (
				EA67BF6A8D6A37E897B96534 /* Pods_iDC_Project_basic.framework in Frameworks */,
			);
			runOnlyForDeploymentPostprocessing = 0;
		};
/* End PBXFrameworksBuildPhase section */

/* Begin PBXGroup section */
		453D797E29C450EF00444F5C /* Units */ = {
			isa = PBXGroup;
			children = (
				453D797F29C4510500444F5C /* Unit.swift */,
			);
			path = Units;
			sourceTree = "<group>";
		};
		458E5ACC29B9A5FA00E48DBF = {
			isa = PBXGroup;
			children = (
				458E5AD729B9A5FA00E48DBF /* iDC_Project_basic */,
				458E5AD629B9A5FA00E48DBF /* Products */,
				8B2D0602CE661A54AC1A6C6D /* Pods */,
				48CEC43677884165E681D111 /* Frameworks */,
			);
			sourceTree = "<group>";
		};
		458E5AD629B9A5FA00E48DBF /* Products */ = {
			isa = PBXGroup;
			children = (
				458E5AD529B9A5FA00E48DBF /* iDC_Project_basic.app */,
			);
			name = Products;
			sourceTree = "<group>";
		};
		458E5AD729B9A5FA00E48DBF /* iDC_Project_basic */ = {
			isa = PBXGroup;
			children = (
				457F1FF029CEC1030055420A /* iDC_Project_basic.entitlements */,
				458E5AEC29B9A6D300E48DBF /* Delegate */,
				458E5B0329BCBC8D00E48DBF /* Services */,
				458E5AED29B9A6F400E48DBF /* Models */,
				458E5AEE29B9A70E00E48DBF /* Views */,
				458E5AEF29B9A72200E48DBF /* ViewModels */,
				453D797E29C450EF00444F5C /* Units */,
				458E5AE129B9A5FB00E48DBF /* Assets.xcassets */,
				458E5AE329B9A5FB00E48DBF /* LaunchScreen.storyboard */,
				45B30E1B29E1A29200BB4768 /* KeyList.plist */,
				458E5AE629B9A5FB00E48DBF /* Info.plist */,
				4564202729BDEB7E007CA516 /* GoogleService-Info.plist */,
			);
			path = iDC_Project_basic;
			sourceTree = "<group>";
		};
		458E5AEC29B9A6D300E48DBF /* Delegate */ = {
			isa = PBXGroup;
			children = (
				458E5AD829B9A5FA00E48DBF /* AppDelegate.swift */,
				458E5ADA29B9A5FA00E48DBF /* SceneDelegate.swift */,
			);
			path = Delegate;
			sourceTree = "<group>";
		};
		458E5AED29B9A6F400E48DBF /* Models */ = {
			isa = PBXGroup;
			children = (
				458E5AF229B9A75300E48DBF /* PostForm.swift */,
				457F1FE329C98D170055420A /* WritePostForm.swift */,
			);
			path = Models;
			sourceTree = "<group>";
		};
		458E5AEE29B9A70E00E48DBF /* Views */ = {
			isa = PBXGroup;
			children = (
				458E5AF429B9A7BC00E48DBF /* LoginViewController.swift */,
				458E5AF629B9A7D000E48DBF /* TabBarController.swift */,
				458E5ADC29B9A5FA00E48DBF /* ViewController.swift */,
				458E5AFE29B9A81100E48DBF /* AddPostViewController.swift */,
				458E5AF829B9A7DF00E48DBF /* PostDetailViewController.swift */,
				4528228D29C6BB0E006B919C /* SearchViewController.swift */,
				458E5AFC29B9A80800E48DBF /* SettingViewController.swift */,
				4538EFC229DFF5F600E64220 /* MyPostViewController.swift */,
				458E5B0029B9ACAD00E48DBF /* Cell */,
			);
			path = Views;
			sourceTree = "<group>";
		};
		458E5AEF29B9A72200E48DBF /* ViewModels */ = {
			isa = PBXGroup;
			children = (
				4580009C29D06D4C00ED237C /* LoginViewModel.swift */,
				457F1FE729C98D690055420A /* PostListViewModel.swift */,
				458E5AF029B9A73F00E48DBF /* PostViewModel.swift */,
				457F1FE929C9C5C10055420A /* SettingViewModel.swift */,
			);
			path = ViewModels;
			sourceTree = "<group>";
		};
		458E5B0029B9ACAD00E48DBF /* Cell */ = {
			isa = PBXGroup;
			children = (
				453D797A29C0534A00444F5C /* PostTableViewCell.swift */,
				457F1FEB29CA8C7F0055420A /* PostDetailTableViewCell.swift */,
				453D797C29C1BCD900444F5C /* CommentTableViewCell.swift */,
				45D0B23829D3E936003B91E2 /* SettingImageTableViewCell.swift */,
			);
			path = Cell;
			sourceTree = "<group>";
		};
		458E5B0329BCBC8D00E48DBF /* Services */ = {
			isa = PBXGroup;
			children = (
				458E5B0429BCBCD200E48DBF /* FirebaseDB.swift */,
			);
			path = Services;
			sourceTree = "<group>";
		};
		48CEC43677884165E681D111 /* Frameworks */ = {
			isa = PBXGroup;
			children = (
				3F5025A10CA55AB8B7947488 /* Pods_iDC_Project_basic.framework */,
			);
			name = Frameworks;
			sourceTree = "<group>";
		};
		8B2D0602CE661A54AC1A6C6D /* Pods */ = {
			isa = PBXGroup;
			children = (
				EA7C1219EA2E1AF636A969F3 /* Pods-iDC_Project_basic.debug.xcconfig */,
				02DE4FF5ECB7093FAA7D51A7 /* Pods-iDC_Project_basic.release.xcconfig */,
			);
			path = Pods;
			sourceTree = "<group>";
		};
/* End PBXGroup section */

/* Begin PBXNativeTarget section */
		458E5AD429B9A5FA00E48DBF /* iDC_Project_basic */ = {
			isa = PBXNativeTarget;
			buildConfigurationList = 458E5AE929B9A5FB00E48DBF /* Build configuration list for PBXNativeTarget "iDC_Project_basic" */;
			buildPhases = (
				33CE08AAFB75F1ADBE075FD0 /* [CP] Check Pods Manifest.lock */,
				458E5AD129B9A5FA00E48DBF /* Sources */,
				458E5AD229B9A5FA00E48DBF /* Frameworks */,
				458E5AD329B9A5FA00E48DBF /* Resources */,
				86CA81E7E5331D891900BE92 /* [CP] Embed Pods Frameworks */,
			);
			buildRules = (
			);
			dependencies = (
			);
			name = iDC_Project_basic;
			productName = iDC_Project_basic;
			productReference = 458E5AD529B9A5FA00E48DBF /* iDC_Project_basic.app */;
			productType = "com.apple.product-type.application";
		};
/* End PBXNativeTarget section */

/* Begin PBXProject section */
		458E5ACD29B9A5FA00E48DBF /* Project object */ = {
			isa = PBXProject;
			attributes = {
				BuildIndependentTargetsInParallel = 1;
				LastSwiftUpdateCheck = 1420;
				LastUpgradeCheck = 1420;
				TargetAttributes = {
					458E5AD429B9A5FA00E48DBF = {
						CreatedOnToolsVersion = 14.2;
					};
				};
			};
			buildConfigurationList = 458E5AD029B9A5FA00E48DBF /* Build configuration list for PBXProject "iDC_Project_basic" */;
			compatibilityVersion = "Xcode 14.0";
			developmentRegion = en;
			hasScannedForEncodings = 0;
			knownRegions = (
				en,
				Base,
			);
			mainGroup = 458E5ACC29B9A5FA00E48DBF;
			productRefGroup = 458E5AD629B9A5FA00E48DBF /* Products */;
			projectDirPath = "";
			projectRoot = "";
			targets = (
				458E5AD429B9A5FA00E48DBF /* iDC_Project_basic */,
			);
		};
/* End PBXProject section */

/* Begin PBXResourcesBuildPhase section */
		458E5AD329B9A5FA00E48DBF /* Resources */ = {
			isa = PBXResourcesBuildPhase;
			buildActionMask = 2147483647;
			files = (
				45B30E1C29E1A29200BB4768 /* KeyList.plist in Resources */,
				458E5AE529B9A5FB00E48DBF /* LaunchScreen.storyboard in Resources */,
				458E5AE229B9A5FB00E48DBF /* Assets.xcassets in Resources */,
				4564202829BDEB7E007CA516 /* GoogleService-Info.plist in Resources */,
			);
			runOnlyForDeploymentPostprocessing = 0;
		};
/* End PBXResourcesBuildPhase section */

/* Begin PBXShellScriptBuildPhase section */
		33CE08AAFB75F1ADBE075FD0 /* [CP] Check Pods Manifest.lock */ = {
			isa = PBXShellScriptBuildPhase;
			buildActionMask = 2147483647;
			files = (
			);
			inputFileListPaths = (
			);
			inputPaths = (
				"${PODS_PODFILE_DIR_PATH}/Podfile.lock",
				"${PODS_ROOT}/Manifest.lock",
			);
			name = "[CP] Check Pods Manifest.lock";
			outputFileListPaths = (
			);
			outputPaths = (
				"$(DERIVED_FILE_DIR)/Pods-iDC_Project_basic-checkManifestLockResult.txt",
			);
			runOnlyForDeploymentPostprocessing = 0;
			shellPath = /bin/sh;
			shellScript = "diff \"${PODS_PODFILE_DIR_PATH}/Podfile.lock\" \"${PODS_ROOT}/Manifest.lock\" > /dev/null\nif [ $? != 0 ] ; then\n    # print error to STDERR\n    echo \"error: The sandbox is not in sync with the Podfile.lock. Run 'pod install' or update your CocoaPods installation.\" >&2\n    exit 1\nfi\n# This output is used by Xcode 'outputs' to avoid re-running this script phase.\necho \"SUCCESS\" > \"${SCRIPT_OUTPUT_FILE_0}\"\n";
			showEnvVarsInLog = 0;
		};
		86CA81E7E5331D891900BE92 /* [CP] Embed Pods Frameworks */ = {
			isa = PBXShellScriptBuildPhase;
			buildActionMask = 2147483647;
			files = (
			);
			inputFileListPaths = (
				"${PODS_ROOT}/Target Support Files/Pods-iDC_Project_basic/Pods-iDC_Project_basic-frameworks-${CONFIGURATION}-input-files.xcfilelist",
			);
			name = "[CP] Embed Pods Frameworks";
			outputFileListPaths = (
				"${PODS_ROOT}/Target Support Files/Pods-iDC_Project_basic/Pods-iDC_Project_basic-frameworks-${CONFIGURATION}-output-files.xcfilelist",
			);
			runOnlyForDeploymentPostprocessing = 0;
			shellPath = /bin/sh;
			shellScript = "\"${PODS_ROOT}/Target Support Files/Pods-iDC_Project_basic/Pods-iDC_Project_basic-frameworks.sh\"\n";
			showEnvVarsInLog = 0;
		};
/* End PBXShellScriptBuildPhase section */

/* Begin PBXSourcesBuildPhase section */
		458E5AD129B9A5FA00E48DBF /* Sources */ = {
			isa = PBXSourcesBuildPhase;
			buildActionMask = 2147483647;
			files = (
				45D0B23929D3E936003B91E2 /* SettingImageTableViewCell.swift in Sources */,
				457F1FEC29CA8C7F0055420A /* PostDetailTableViewCell.swift in Sources */,
				453D798029C4510500444F5C /* Unit.swift in Sources */,
				4580009D29D06D4C00ED237C /* LoginViewModel.swift in Sources */,
				457F1FEA29C9C5C10055420A /* SettingViewModel.swift in Sources */,
				458E5AF929B9A7DF00E48DBF /* PostDetailViewController.swift in Sources */,
				457F1FE429C98D170055420A /* WritePostForm.swift in Sources */,
				458E5AF529B9A7BC00E48DBF /* LoginViewController.swift in Sources */,
				453D797B29C0534A00444F5C /* PostTableViewCell.swift in Sources */,
				458E5AF129B9A73F00E48DBF /* PostViewModel.swift in Sources */,
				458E5ADD29B9A5FA00E48DBF /* ViewController.swift in Sources */,
				458E5AD929B9A5FA00E48DBF /* AppDelegate.swift in Sources */,
				458E5AFD29B9A80800E48DBF /* SettingViewController.swift in Sources */,
				458E5AF729B9A7D000E48DBF /* TabBarController.swift in Sources */,
				4528228E29C6BB0E006B919C /* SearchViewController.swift in Sources */,
				457F1FE829C98D690055420A /* PostListViewModel.swift in Sources */,
				4538EFC329DFF5F600E64220 /* MyPostViewController.swift in Sources */,
				458E5ADB29B9A5FA00E48DBF /* SceneDelegate.swift in Sources */,
				458E5AFF29B9A81100E48DBF /* AddPostViewController.swift in Sources */,
				453D797D29C1BCD900444F5C /* CommentTableViewCell.swift in Sources */,
				458E5AF329B9A75300E48DBF /* PostForm.swift in Sources */,
				458E5B0529BCBCD200E48DBF /* FirebaseDB.swift in Sources */,
			);
			runOnlyForDeploymentPostprocessing = 0;
		};
/* End PBXSourcesBuildPhase section */

/* Begin PBXVariantGroup section */
		458E5AE329B9A5FB00E48DBF /* LaunchScreen.storyboard */ = {
			isa = PBXVariantGroup;
			children = (
				458E5AE429B9A5FB00E48DBF /* Base */,
			);
			name = LaunchScreen.storyboard;
			sourceTree = "<group>";
		};
/* End PBXVariantGroup section */

/* Begin XCBuildConfiguration section */
		458E5AE729B9A5FB00E48DBF /* Debug */ = {
			isa = XCBuildConfiguration;
			buildSettings = {
				ALWAYS_SEARCH_USER_PATHS = NO;
				CLANG_ANALYZER_NONNULL = YES;
				CLANG_ANALYZER_NUMBER_OBJECT_CONVERSION = YES_AGGRESSIVE;
				CLANG_CXX_LANGUAGE_STANDARD = "gnu++20";
				CLANG_ENABLE_MODULES = YES;
				CLANG_ENABLE_OBJC_ARC = YES;
				CLANG_ENABLE_OBJC_WEAK = YES;
				CLANG_WARN_BLOCK_CAPTURE_AUTORELEASING = YES;
				CLANG_WARN_BOOL_CONVERSION = YES;
				CLANG_WARN_COMMA = YES;
				CLANG_WARN_CONSTANT_CONVERSION = YES;
				CLANG_WARN_DEPRECATED_OBJC_IMPLEMENTATIONS = YES;
				CLANG_WARN_DIRECT_OBJC_ISA_USAGE = YES_ERROR;
				CLANG_WARN_DOCUMENTATION_COMMENTS = YES;
				CLANG_WARN_EMPTY_BODY = YES;
				CLANG_WARN_ENUM_CONVERSION = YES;
				CLANG_WARN_INFINITE_RECURSION = YES;
				CLANG_WARN_INT_CONVERSION = YES;
				CLANG_WARN_NON_LITERAL_NULL_CONVERSION = YES;
				CLANG_WARN_OBJC_IMPLICIT_RETAIN_SELF = YES;
				CLANG_WARN_OBJC_LITERAL_CONVERSION = YES;
				CLANG_WARN_OBJC_ROOT_CLASS = YES_ERROR;
				CLANG_WARN_QUOTED_INCLUDE_IN_FRAMEWORK_HEADER = YES;
				CLANG_WARN_RANGE_LOOP_ANALYSIS = YES;
				CLANG_WARN_STRICT_PROTOTYPES = YES;
				CLANG_WARN_SUSPICIOUS_MOVE = YES;
				CLANG_WARN_UNGUARDED_AVAILABILITY = YES_AGGRESSIVE;
				CLANG_WARN_UNREACHABLE_CODE = YES;
				CLANG_WARN__DUPLICATE_METHOD_MATCH = YES;
				COPY_PHASE_STRIP = NO;
				DEBUG_INFORMATION_FORMAT = dwarf;
				ENABLE_STRICT_OBJC_MSGSEND = YES;
				ENABLE_TESTABILITY = YES;
				GCC_C_LANGUAGE_STANDARD = gnu11;
				GCC_DYNAMIC_NO_PIC = NO;
				GCC_NO_COMMON_BLOCKS = YES;
				GCC_OPTIMIZATION_LEVEL = 0;
				GCC_PREPROCESSOR_DEFINITIONS = (
					"DEBUG=1",
					"$(inherited)",
				);
				GCC_WARN_64_TO_32_BIT_CONVERSION = YES;
				GCC_WARN_ABOUT_RETURN_TYPE = YES_ERROR;
				GCC_WARN_UNDECLARED_SELECTOR = YES;
				GCC_WARN_UNINITIALIZED_AUTOS = YES_AGGRESSIVE;
				GCC_WARN_UNUSED_FUNCTION = YES;
				GCC_WARN_UNUSED_VARIABLE = YES;
				IPHONEOS_DEPLOYMENT_TARGET = 16.2;
				MTL_ENABLE_DEBUG_INFO = INCLUDE_SOURCE;
				MTL_FAST_MATH = YES;
				ONLY_ACTIVE_ARCH = YES;
				SDKROOT = iphoneos;
				SWIFT_ACTIVE_COMPILATION_CONDITIONS = DEBUG;
				SWIFT_OPTIMIZATION_LEVEL = "-Onone";
			};
			name = Debug;
		};
		458E5AE829B9A5FB00E48DBF /* Release */ = {
			isa = XCBuildConfiguration;
			buildSettings = {
				ALWAYS_SEARCH_USER_PATHS = NO;
				CLANG_ANALYZER_NONNULL = YES;
				CLANG_ANALYZER_NUMBER_OBJECT_CONVERSION = YES_AGGRESSIVE;
				CLANG_CXX_LANGUAGE_STANDARD = "gnu++20";
				CLANG_ENABLE_MODULES = YES;
				CLANG_ENABLE_OBJC_ARC = YES;
				CLANG_ENABLE_OBJC_WEAK = YES;
				CLANG_WARN_BLOCK_CAPTURE_AUTORELEASING = YES;
				CLANG_WARN_BOOL_CONVERSION = YES;
				CLANG_WARN_COMMA = YES;
				CLANG_WARN_CONSTANT_CONVERSION = YES;
				CLANG_WARN_DEPRECATED_OBJC_IMPLEMENTATIONS = YES;
				CLANG_WARN_DIRECT_OBJC_ISA_USAGE = YES_ERROR;
				CLANG_WARN_DOCUMENTATION_COMMENTS = YES;
				CLANG_WARN_EMPTY_BODY = YES;
				CLANG_WARN_ENUM_CONVERSION = YES;
				CLANG_WARN_INFINITE_RECURSION = YES;
				CLANG_WARN_INT_CONVERSION = YES;
				CLANG_WARN_NON_LITERAL_NULL_CONVERSION = YES;
				CLANG_WARN_OBJC_IMPLICIT_RETAIN_SELF = YES;
				CLANG_WARN_OBJC_LITERAL_CONVERSION = YES;
				CLANG_WARN_OBJC_ROOT_CLASS = YES_ERROR;
				CLANG_WARN_QUOTED_INCLUDE_IN_FRAMEWORK_HEADER = YES;
				CLANG_WARN_RANGE_LOOP_ANALYSIS = YES;
				CLANG_WARN_STRICT_PROTOTYPES = YES;
				CLANG_WARN_SUSPICIOUS_MOVE = YES;
				CLANG_WARN_UNGUARDED_AVAILABILITY = YES_AGGRESSIVE;
				CLANG_WARN_UNREACHABLE_CODE = YES;
				CLANG_WARN__DUPLICATE_METHOD_MATCH = YES;
				COPY_PHASE_STRIP = NO;
				DEBUG_INFORMATION_FORMAT = "dwarf-with-dsym";
				ENABLE_NS_ASSERTIONS = NO;
				ENABLE_STRICT_OBJC_MSGSEND = YES;
				GCC_C_LANGUAGE_STANDARD = gnu11;
				GCC_NO_COMMON_BLOCKS = YES;
				GCC_WARN_64_TO_32_BIT_CONVERSION = YES;
				GCC_WARN_ABOUT_RETURN_TYPE = YES_ERROR;
				GCC_WARN_UNDECLARED_SELECTOR = YES;
				GCC_WARN_UNINITIALIZED_AUTOS = YES_AGGRESSIVE;
				GCC_WARN_UNUSED_FUNCTION = YES;
				GCC_WARN_UNUSED_VARIABLE = YES;
				IPHONEOS_DEPLOYMENT_TARGET = 16.2;
				MTL_ENABLE_DEBUG_INFO = NO;
				MTL_FAST_MATH = YES;
				SDKROOT = iphoneos;
				SWIFT_COMPILATION_MODE = wholemodule;
				SWIFT_OPTIMIZATION_LEVEL = "-O";
				VALIDATE_PRODUCT = YES;
			};
			name = Release;
		};
		458E5AEA29B9A5FB00E48DBF /* Debug */ = {
			isa = XCBuildConfiguration;
			baseConfigurationReference = EA7C1219EA2E1AF636A969F3 /* Pods-iDC_Project_basic.debug.xcconfig */;
			buildSettings = {
				ASSETCATALOG_COMPILER_APPICON_NAME = AppIcon;
				ASSETCATALOG_COMPILER_GLOBAL_ACCENT_COLOR_NAME = AccentColor;
				CODE_SIGN_ENTITLEMENTS = iDC_Project_basic/iDC_Project_basic.entitlements;
				CODE_SIGN_STYLE = Automatic;
				CURRENT_PROJECT_VERSION = 1;
				DEVELOPMENT_TEAM = MBUQ2HHA5U;
				GENERATE_INFOPLIST_FILE = YES;
				INFOPLIST_FILE = iDC_Project_basic/Info.plist;
				INFOPLIST_KEY_UIApplicationSupportsIndirectInputEvents = YES;
				INFOPLIST_KEY_UILaunchStoryboardName = LaunchScreen;
				INFOPLIST_KEY_UIMainStoryboardFile = "";
				INFOPLIST_KEY_UISupportedInterfaceOrientations_iPad = "UIInterfaceOrientationPortrait UIInterfaceOrientationPortraitUpsideDown UIInterfaceOrientationLandscapeLeft UIInterfaceOrientationLandscapeRight";
				INFOPLIST_KEY_UISupportedInterfaceOrientations_iPhone = "UIInterfaceOrientationPortrait UIInterfaceOrientationLandscapeLeft UIInterfaceOrientationLandscapeRight";
				INFOPLIST_KEY_UIUserInterfaceStyle = Light;
				IPHONEOS_DEPLOYMENT_TARGET = 15.0;
				LD_RUNPATH_SEARCH_PATHS = (
					"$(inherited)",
					"@executable_path/Frameworks",
				);
				MARKETING_VERSION = 1.0;
				PRODUCT_BUNDLE_IDENTIFIER = "com.hyeonsu.iDC-Project-basic";
				PRODUCT_NAME = "$(TARGET_NAME)";
				SWIFT_EMIT_LOC_STRINGS = YES;
				SWIFT_VERSION = 5.0;
				TARGETED_DEVICE_FAMILY = "1,2";
			};
			name = Debug;
		};
		458E5AEB29B9A5FB00E48DBF /* Release */ = {
			isa = XCBuildConfiguration;
			baseConfigurationReference = 02DE4FF5ECB7093FAA7D51A7 /* Pods-iDC_Project_basic.release.xcconfig */;
			buildSettings = {
				ASSETCATALOG_COMPILER_APPICON_NAME = AppIcon;
				ASSETCATALOG_COMPILER_GLOBAL_ACCENT_COLOR_NAME = AccentColor;
				CODE_SIGN_ENTITLEMENTS = iDC_Project_basic/iDC_Project_basic.entitlements;
				CODE_SIGN_STYLE = Automatic;
				CURRENT_PROJECT_VERSION = 1;
				DEVELOPMENT_TEAM = MBUQ2HHA5U;
				GENERATE_INFOPLIST_FILE = YES;
				INFOPLIST_FILE = iDC_Project_basic/Info.plist;
				INFOPLIST_KEY_UIApplicationSupportsIndirectInputEvents = YES;
				INFOPLIST_KEY_UILaunchStoryboardName = LaunchScreen;
				INFOPLIST_KEY_UIMainStoryboardFile = "";
				INFOPLIST_KEY_UISupportedInterfaceOrientations_iPad = "UIInterfaceOrientationPortrait UIInterfaceOrientationPortraitUpsideDown UIInterfaceOrientationLandscapeLeft UIInterfaceOrientationLandscapeRight";
				INFOPLIST_KEY_UISupportedInterfaceOrientations_iPhone = "UIInterfaceOrientationPortrait UIInterfaceOrientationLandscapeLeft UIInterfaceOrientationLandscapeRight";
				INFOPLIST_KEY_UIUserInterfaceStyle = Light;
				IPHONEOS_DEPLOYMENT_TARGET = 15.0;
				LD_RUNPATH_SEARCH_PATHS = (
					"$(inherited)",
					"@executable_path/Frameworks",
				);
				MARKETING_VERSION = 1.0;
				PRODUCT_BUNDLE_IDENTIFIER = "com.hyeonsu.iDC-Project-basic";
				PRODUCT_NAME = "$(TARGET_NAME)";
				SWIFT_EMIT_LOC_STRINGS = YES;
				SWIFT_VERSION = 5.0;
				TARGETED_DEVICE_FAMILY = "1,2";
			};
			name = Release;
		};
/* End XCBuildConfiguration section */

/* Begin XCConfigurationList section */
		458E5AD029B9A5FA00E48DBF /* Build configuration list for PBXProject "iDC_Project_basic" */ = {
			isa = XCConfigurationList;
			buildConfigurations = (
				458E5AE729B9A5FB00E48DBF /* Debug */,
				458E5AE829B9A5FB00E48DBF /* Release */,
			);
			defaultConfigurationIsVisible = 0;
			defaultConfigurationName = Release;
		};
		458E5AE929B9A5FB00E48DBF /* Build configuration list for PBXNativeTarget "iDC_Project_basic" */ = {
			isa = XCConfigurationList;
			buildConfigurations = (
				458E5AEA29B9A5FB00E48DBF /* Debug */,
				458E5AEB29B9A5FB00E48DBF /* Release */,
			);
			defaultConfigurationIsVisible = 0;
			defaultConfigurationName = Release;
		};
/* End XCConfigurationList section */
	};
	rootObject = 458E5ACD29B9A5FA00E48DBF /* Project object */;
}
