// !$*UTF8*$!
{
	archiveVersion = 1;
	classes = {
	};
	objectVersion = 56;
	objects = {

/* Begin PBXBuildFile section */
		458E5AD929B9A5FA00E48DBF /* AppDelegate.swift in Sources */ = {isa = PBXBuildFile; fileRef = 458E5AD829B9A5FA00E48DBF /* AppDelegate.swift */; };
		458E5ADB29B9A5FA00E48DBF /* SceneDelegate.swift in Sources */ = {isa = PBXBuildFile; fileRef = 458E5ADA29B9A5FA00E48DBF /* SceneDelegate.swift */; };
		458E5ADD29B9A5FA00E48DBF /* ViewController.swift in Sources */ = {isa = PBXBuildFile; fileRef = 458E5ADC29B9A5FA00E48DBF /* ViewController.swift */; };
		458E5AE229B9A5FB00E48DBF /* Assets.xcassets in Resources */ = {isa = PBXBuildFile; fileRef = 458E5AE129B9A5FB00E48DBF /* Assets.xcassets */; };
		458E5AE529B9A5FB00E48DBF /* LaunchScreen.storyboard in Resources */ = {isa = PBXBuildFile; fileRef = 458E5AE329B9A5FB00E48DBF /* LaunchScreen.storyboard */; };
		458E5AF129B9A73F00E48DBF /* PostViewModel.swift in Sources */ = {isa = PBXBuildFile; fileRef = 458E5AF029B9A73F00E48DBF /* PostViewModel.swift */; };
		458E5AF329B9A75300E48DBF /* PostForm.swift in Sources */ = {isa = PBXBuildFile; fileRef = 458E5AF229B9A75300E48DBF /* PostForm.swift */; };
		458E5AF529B9A7BC00E48DBF /* LoginViewController.swift in Sources */ = {isa = PBXBuildFile; fileRef = 458E5AF429B9A7BC00E48DBF /* LoginViewController.swift */; };
		458E5AF729B9A7D000E48DBF /* TabBarController.swift in Sources */ = {isa = PBXBuildFile; fileRef = 458E5AF629B9A7D000E48DBF /* TabBarController.swift */; };
		458E5AF929B9A7DF00E48DBF /* PostDetailViewController.swift in Sources */ = {isa = PBXBuildFile; fileRef = 458E5AF829B9A7DF00E48DBF /* PostDetailViewController.swift */; };
		458E5AFB29B9A7FC00E48DBF /* AlarmViewController.swift in Sources */ = {isa = PBXBuildFile; fileRef = 458E5AFA29B9A7FC00E48DBF /* AlarmViewController.swift */; };
		458E5AFD29B9A80800E48DBF /* SettingViewController.swift in Sources */ = {isa = PBXBuildFile; fileRef = 458E5AFC29B9A80800E48DBF /* SettingViewController.swift */; };
		458E5AFF29B9A81100E48DBF /* AddPostViewController.swift in Sources */ = {isa = PBXBuildFile; fileRef = 458E5AFE29B9A81100E48DBF /* AddPostViewController.swift */; };
/* End PBXBuildFile section */

/* Begin PBXFileReference section */
		458E5AD529B9A5FA00E48DBF /* iDC_Project_basic.app */ = {isa = PBXFileReference; explicitFileType = wrapper.application; includeInIndex = 0; path = iDC_Project_basic.app; sourceTree = BUILT_PRODUCTS_DIR; };
		458E5AD829B9A5FA00E48DBF /* AppDelegate.swift */ = {isa = PBXFileReference; lastKnownFileType = sourcecode.swift; path = AppDelegate.swift; sourceTree = "<group>"; };
		458E5ADA29B9A5FA00E48DBF /* SceneDelegate.swift */ = {isa = PBXFileReference; lastKnownFileType = sourcecode.swift; path = SceneDelegate.swift; sourceTree = "<group>"; };
		458E5ADC29B9A5FA00E48DBF /* ViewController.swift */ = {isa = PBXFileReference; lastKnownFileType = sourcecode.swift; path = ViewController.swift; sourceTree = "<group>"; };
		458E5AE129B9A5FB00E48DBF /* Assets.xcassets */ = {isa = PBXFileReference; lastKnownFileType = folder.assetcatalog; path = Assets.xcassets; sourceTree = "<group>"; };
		458E5AE429B9A5FB00E48DBF /* Base */ = {isa = PBXFileReference; lastKnownFileType = file.storyboard; name = Base; path = Base.lproj/LaunchScreen.storyboard; sourceTree = "<group>"; };
		458E5AE629B9A5FB00E48DBF /* Info.plist */ = {isa = PBXFileReference; lastKnownFileType = text.plist.xml; path = Info.plist; sourceTree = "<group>"; };
		458E5AF029B9A73F00E48DBF /* PostViewModel.swift */ = {isa = PBXFileReference; lastKnownFileType = sourcecode.swift; path = PostViewModel.swift; sourceTree = "<group>"; };
		458E5AF229B9A75300E48DBF /* PostForm.swift */ = {isa = PBXFileReference; lastKnownFileType = sourcecode.swift; path = PostForm.swift; sourceTree = "<group>"; };
		458E5AF429B9A7BC00E48DBF /* LoginViewController.swift */ = {isa = PBXFileReference; lastKnownFileType = sourcecode.swift; path = LoginViewController.swift; sourceTree = "<group>"; };
		458E5AF629B9A7D000E48DBF /* TabBarController.swift */ = {isa = PBXFileReference; lastKnownFileType = sourcecode.swift; path = TabBarController.swift; sourceTree = "<group>"; };
		458E5AF829B9A7DF00E48DBF /* PostDetailViewController.swift */ = {isa = PBXFileReference; lastKnownFileType = sourcecode.swift; path = PostDetailViewController.swift; sourceTree = "<group>"; };
		458E5AFA29B9A7FC00E48DBF /* AlarmViewController.swift */ = {isa = PBXFileReference; lastKnownFileType = sourcecode.swift; path = AlarmViewController.swift; sourceTree = "<group>"; };
		458E5AFC29B9A80800E48DBF /* SettingViewController.swift */ = {isa = PBXFileReference; lastKnownFileType = sourcecode.swift; path = SettingViewController.swift; sourceTree = "<group>"; };
		458E5AFE29B9A81100E48DBF /* AddPostViewController.swift */ = {isa = PBXFileReference; lastKnownFileType = sourcecode.swift; path = AddPostViewController.swift; sourceTree = "<group>"; };
/* End PBXFileReference section */

/* Begin PBXFrameworksBuildPhase section */
		458E5AD229B9A5FA00E48DBF /* Frameworks */ = {
			isa = PBXFrameworksBuildPhase;
			buildActionMask = 2147483647;
			files = (
			);
			runOnlyForDeploymentPostprocessing = 0;
		};
/* End PBXFrameworksBuildPhase section */

/* Begin PBXGroup section */
		458E5ACC29B9A5FA00E48DBF = {
			isa = PBXGroup;
			children = (
				458E5AD729B9A5FA00E48DBF /* iDC_Project_basic */,
				458E5AD629B9A5FA00E48DBF /* Products */,
			);
			sourceTree = "<group>";
		};
		458E5AD629B9A5FA00E48DBF /* Products */ = {
			isa = PBXGroup;
			children = (
				458E5AD529B9A5FA00E48DBF /* iDC_Project_basic.app */,
			);
			name = Products;
			sourceTree = "<group>";
		};
		458E5AD729B9A5FA00E48DBF /* iDC_Project_basic */ = {
			isa = PBXGroup;
			children = (
				458E5AEC29B9A6D300E48DBF /* Delegate */,
				458E5AED29B9A6F400E48DBF /* Model */,
				458E5AEE29B9A70E00E48DBF /* View */,
				458E5AEF29B9A72200E48DBF /* ViewModel */,
				458E5AE129B9A5FB00E48DBF /* Assets.xcassets */,
				458E5AE329B9A5FB00E48DBF /* LaunchScreen.storyboard */,
				458E5AE629B9A5FB00E48DBF /* Info.plist */,
			);
			path = iDC_Project_basic;
			sourceTree = "<group>";
		};
		458E5AEC29B9A6D300E48DBF /* Delegate */ = {
			isa = PBXGroup;
			children = (
				458E5AD829B9A5FA00E48DBF /* AppDelegate.swift */,
				458E5ADA29B9A5FA00E48DBF /* SceneDelegate.swift */,
			);
			path = Delegate;
			sourceTree = "<group>";
		};
		458E5AED29B9A6F400E48DBF /* Model */ = {
			isa = PBXGroup;
			children = (
				458E5AF229B9A75300E48DBF /* PostForm.swift */,
			);
			path = Model;
			sourceTree = "<group>";
		};
		458E5AEE29B9A70E00E48DBF /* View */ = {
			isa = PBXGroup;
			children = (
				458E5AF429B9A7BC00E48DBF /* LoginViewController.swift */,
				458E5AF629B9A7D000E48DBF /* TabBarController.swift */,
				458E5ADC29B9A5FA00E48DBF /* ViewController.swift */,
				458E5AFE29B9A81100E48DBF /* AddPostViewController.swift */,
				458E5AF829B9A7DF00E48DBF /* PostDetailViewController.swift */,
				458E5AFA29B9A7FC00E48DBF /* AlarmViewController.swift */,
				458E5AFC29B9A80800E48DBF /* SettingViewController.swift */,
				458E5B0029B9ACAD00E48DBF /* Cell */,
			);
			path = View;
			sourceTree = "<group>";
		};
		458E5AEF29B9A72200E48DBF /* ViewModel */ = {
			isa = PBXGroup;
			children = (
				458E5AF029B9A73F00E48DBF /* PostViewModel.swift */,
			);
			path = ViewModel;
			sourceTree = "<group>";
		};
		458E5B0029B9ACAD00E48DBF /* Cell */ = {
			isa = PBXGroup;
			children = (
			);
			path = Cell;
			sourceTree = "<group>";
		};
/* End PBXGroup section */

/* Begin PBXNativeTarget section */
		458E5AD429B9A5FA00E48DBF /* iDC_Project_basic */ = {
			isa = PBXNativeTarget;
			buildConfigurationList = 458E5AE929B9A5FB00E48DBF /* Build configuration list for PBXNativeTarget "iDC_Project_basic" */;
			buildPhases = (
				458E5AD129B9A5FA00E48DBF /* Sources */,
				458E5AD229B9A5FA00E48DBF /* Frameworks */,
				458E5AD329B9A5FA00E48DBF /* Resources */,
			);
			buildRules = (
			);
			dependencies = (
			);
			name = iDC_Project_basic;
			productName = iDC_Project_basic;
			productReference = 458E5AD529B9A5FA00E48DBF /* iDC_Project_basic.app */;
			productType = "com.apple.product-type.application";
		};
/* End PBXNativeTarget section */

/* Begin PBXProject section */
		458E5ACD29B9A5FA00E48DBF /* Project object */ = {
			isa = PBXProject;
			attributes = {
				BuildIndependentTargetsInParallel = 1;
				LastSwiftUpdateCheck = 1420;
				LastUpgradeCheck = 1420;
				TargetAttributes = {
					458E5AD429B9A5FA00E48DBF = {
						CreatedOnToolsVersion = 14.2;
					};
				};
			};
			buildConfigurationList = 458E5AD029B9A5FA00E48DBF /* Build configuration list for PBXProject "iDC_Project_basic" */;
			compatibilityVersion = "Xcode 14.0";
			developmentRegion = en;
			hasScannedForEncodings = 0;
			knownRegions = (
				en,
				Base,
			);
			mainGroup = 458E5ACC29B9A5FA00E48DBF;
			productRefGroup = 458E5AD629B9A5FA00E48DBF /* Products */;
			projectDirPath = "";
			projectRoot = "";
			targets = (
				458E5AD429B9A5FA00E48DBF /* iDC_Project_basic */,
			);
		};
/* End PBXProject section */

/* Begin PBXResourcesBuildPhase section */
		458E5AD329B9A5FA00E48DBF /* Resources */ = {
			isa = PBXResourcesBuildPhase;
			buildActionMask = 2147483647;
			files = (
				458E5AE529B9A5FB00E48DBF /* LaunchScreen.storyboard in Resources */,
				458E5AE229B9A5FB00E48DBF /* Assets.xcassets in Resources */,
			);
			runOnlyForDeploymentPostprocessing = 0;
		};
/* End PBXResourcesBuildPhase section */

/* Begin PBXSourcesBuildPhase section */
		458E5AD129B9A5FA00E48DBF /* Sources */ = {
			isa = PBXSourcesBuildPhase;
			buildActionMask = 2147483647;
			files = (
				458E5AF929B9A7DF00E48DBF /* PostDetailViewController.swift in Sources */,
				458E5AF529B9A7BC00E48DBF /* LoginViewController.swift in Sources */,
				458E5AF129B9A73F00E48DBF /* PostViewModel.swift in Sources */,
				458E5ADD29B9A5FA00E48DBF /* ViewController.swift in Sources */,
				458E5AD929B9A5FA00E48DBF /* AppDelegate.swift in Sources */,
				458E5AFD29B9A80800E48DBF /* SettingViewController.swift in Sources */,
				458E5AFB29B9A7FC00E48DBF /* AlarmViewController.swift in Sources */,
				458E5AF729B9A7D000E48DBF /* TabBarController.swift in Sources */,
				458E5ADB29B9A5FA00E48DBF /* SceneDelegate.swift in Sources */,
				458E5AFF29B9A81100E48DBF /* AddPostViewController.swift in Sources */,
				458E5AF329B9A75300E48DBF /* PostForm.swift in Sources */,
			);
			runOnlyForDeploymentPostprocessing = 0;
		};
/* End PBXSourcesBuildPhase section */

/* Begin PBXVariantGroup section */
		458E5AE329B9A5FB00E48DBF /* LaunchScreen.storyboard */ = {
			isa = PBXVariantGroup;
			children = (
				458E5AE429B9A5FB00E48DBF /* Base */,
			);
			name = LaunchScreen.storyboard;
			sourceTree = "<group>";
		};
/* End PBXVariantGroup section */

/* Begin XCBuildConfiguration section */
		458E5AE729B9A5FB00E48DBF /* Debug */ = {
			isa = XCBuildConfiguration;
			buildSettings = {
				ALWAYS_SEARCH_USER_PATHS = NO;
				CLANG_ANALYZER_NONNULL = YES;
				CLANG_ANALYZER_NUMBER_OBJECT_CONVERSION = YES_AGGRESSIVE;
				CLANG_CXX_LANGUAGE_STANDARD = "gnu++20";
				CLANG_ENABLE_MODULES = YES;
				CLANG_ENABLE_OBJC_ARC = YES;
				CLANG_ENABLE_OBJC_WEAK = YES;
				CLANG_WARN_BLOCK_CAPTURE_AUTORELEASING = YES;
				CLANG_WARN_BOOL_CONVERSION = YES;
				CLANG_WARN_COMMA = YES;
				CLANG_WARN_CONSTANT_CONVERSION = YES;
				CLANG_WARN_DEPRECATED_OBJC_IMPLEMENTATIONS = YES;
				CLANG_WARN_DIRECT_OBJC_ISA_USAGE = YES_ERROR;
				CLANG_WARN_DOCUMENTATION_COMMENTS = YES;
				CLANG_WARN_EMPTY_BODY = YES;
				CLANG_WARN_ENUM_CONVERSION = YES;
				CLANG_WARN_INFINITE_RECURSION = YES;
				CLANG_WARN_INT_CONVERSION = YES;
				CLANG_WARN_NON_LITERAL_NULL_CONVERSION = YES;
				CLANG_WARN_OBJC_IMPLICIT_RETAIN_SELF = YES;
				CLANG_WARN_OBJC_LITERAL_CONVERSION = YES;
				CLANG_WARN_OBJC_ROOT_CLASS = YES_ERROR;
				CLANG_WARN_QUOTED_INCLUDE_IN_FRAMEWORK_HEADER = YES;
				CLANG_WARN_RANGE_LOOP_ANALYSIS = YES;
				CLANG_WARN_STRICT_PROTOTYPES = YES;
				CLANG_WARN_SUSPICIOUS_MOVE = YES;
				CLANG_WARN_UNGUARDED_AVAILABILITY = YES_AGGRESSIVE;
				CLANG_WARN_UNREACHABLE_CODE = YES;
				CLANG_WARN__DUPLICATE_METHOD_MATCH = YES;
				COPY_PHASE_STRIP = NO;
				DEBUG_INFORMATION_FORMAT = dwarf;
				ENABLE_STRICT_OBJC_MSGSEND = YES;
				ENABLE_TESTABILITY = YES;
				GCC_C_LANGUAGE_STANDARD = gnu11;
				GCC_DYNAMIC_NO_PIC = NO;
				GCC_NO_COMMON_BLOCKS = YES;
				GCC_OPTIMIZATION_LEVEL = 0;
				GCC_PREPROCESSOR_DEFINITIONS = (
					"DEBUG=1",
					"$(inherited)",
				);
				GCC_WARN_64_TO_32_BIT_CONVERSION = YES;
				GCC_WARN_ABOUT_RETURN_TYPE = YES_ERROR;
				GCC_WARN_UNDECLARED_SELECTOR = YES;
				GCC_WARN_UNINITIALIZED_AUTOS = YES_AGGRESSIVE;
				GCC_WARN_UNUSED_FUNCTION = YES;
				GCC_WARN_UNUSED_VARIABLE = YES;
				IPHONEOS_DEPLOYMENT_TARGET = 16.2;
				MTL_ENABLE_DEBUG_INFO = INCLUDE_SOURCE;
				MTL_FAST_MATH = YES;
				ONLY_ACTIVE_ARCH = YES;
				SDKROOT = iphoneos;
				SWIFT_ACTIVE_COMPILATION_CONDITIONS = DEBUG;
				SWIFT_OPTIMIZATION_LEVEL = "-Onone";
			};
			name = Debug;
		};
		458E5AE829B9A5FB00E48DBF /* Release */ = {
			isa = XCBuildConfiguration;
			buildSettings = {
				ALWAYS_SEARCH_USER_PATHS = NO;
				CLANG_ANALYZER_NONNULL = YES;
				CLANG_ANALYZER_NUMBER_OBJECT_CONVERSION = YES_AGGRESSIVE;
				CLANG_CXX_LANGUAGE_STANDARD = "gnu++20";
				CLANG_ENABLE_MODULES = YES;
				CLANG_ENABLE_OBJC_ARC = YES;
				CLANG_ENABLE_OBJC_WEAK = YES;
				CLANG_WARN_BLOCK_CAPTURE_AUTORELEASING = YES;
				CLANG_WARN_BOOL_CONVERSION = YES;
				CLANG_WARN_COMMA = YES;
				CLANG_WARN_CONSTANT_CONVERSION = YES;
				CLANG_WARN_DEPRECATED_OBJC_IMPLEMENTATIONS = YES;
				CLANG_WARN_DIRECT_OBJC_ISA_USAGE = YES_ERROR;
				CLANG_WARN_DOCUMENTATION_COMMENTS = YES;
				CLANG_WARN_EMPTY_BODY = YES;
				CLANG_WARN_ENUM_CONVERSION = YES;
				CLANG_WARN_INFINITE_RECURSION = YES;
				CLANG_WARN_INT_CONVERSION = YES;
				CLANG_WARN_NON_LITERAL_NULL_CONVERSION = YES;
				CLANG_WARN_OBJC_IMPLICIT_RETAIN_SELF = YES;
				CLANG_WARN_OBJC_LITERAL_CONVERSION = YES;
				CLANG_WARN_OBJC_ROOT_CLASS = YES_ERROR;
				CLANG_WARN_QUOTED_INCLUDE_IN_FRAMEWORK_HEADER = YES;
				CLANG_WARN_RANGE_LOOP_ANALYSIS = YES;
				CLANG_WARN_STRICT_PROTOTYPES = YES;
				CLANG_WARN_SUSPICIOUS_MOVE = YES;
				CLANG_WARN_UNGUARDED_AVAILABILITY = YES_AGGRESSIVE;
				CLANG_WARN_UNREACHABLE_CODE = YES;
				CLANG_WARN__DUPLICATE_METHOD_MATCH = YES;
				COPY_PHASE_STRIP = NO;
				DEBUG_INFORMATION_FORMAT = "dwarf-with-dsym";
				ENABLE_NS_ASSERTIONS = NO;
				ENABLE_STRICT_OBJC_MSGSEND = YES;
				GCC_C_LANGUAGE_STANDARD = gnu11;
				GCC_NO_COMMON_BLOCKS = YES;
				GCC_WARN_64_TO_32_BIT_CONVERSION = YES;
				GCC_WARN_ABOUT_RETURN_TYPE = YES_ERROR;
				GCC_WARN_UNDECLARED_SELECTOR = YES;
				GCC_WARN_UNINITIALIZED_AUTOS = YES_AGGRESSIVE;
				GCC_WARN_UNUSED_FUNCTION = YES;
				GCC_WARN_UNUSED_VARIABLE = YES;
				IPHONEOS_DEPLOYMENT_TARGET = 16.2;
				MTL_ENABLE_DEBUG_INFO = NO;
				MTL_FAST_MATH = YES;
				SDKROOT = iphoneos;
				SWIFT_COMPILATION_MODE = wholemodule;
				SWIFT_OPTIMIZATION_LEVEL = "-O";
				VALIDATE_PRODUCT = YES;
			};
			name = Release;
		};
		458E5AEA29B9A5FB00E48DBF /* Debug */ = {
			isa = XCBuildConfiguration;
			buildSettings = {
				ASSETCATALOG_COMPILER_APPICON_NAME = AppIcon;
				ASSETCATALOG_COMPILER_GLOBAL_ACCENT_COLOR_NAME = AccentColor;
				CODE_SIGN_STYLE = Automatic;
				CURRENT_PROJECT_VERSION = 1;
				GENERATE_INFOPLIST_FILE = YES;
				INFOPLIST_FILE = iDC_Project_basic/Info.plist;
				INFOPLIST_KEY_UIApplicationSupportsIndirectInputEvents = YES;
				INFOPLIST_KEY_UILaunchStoryboardName = LaunchScreen;
				INFOPLIST_KEY_UIMainStoryboardFile = "";
				INFOPLIST_KEY_UISupportedInterfaceOrientations_iPad = "UIInterfaceOrientationPortrait UIInterfaceOrientationPortraitUpsideDown UIInterfaceOrientationLandscapeLeft UIInterfaceOrientationLandscapeRight";
				INFOPLIST_KEY_UISupportedInterfaceOrientations_iPhone = "UIInterfaceOrientationPortrait UIInterfaceOrientationLandscapeLeft UIInterfaceOrientationLandscapeRight";
				LD_RUNPATH_SEARCH_PATHS = (
					"$(inherited)",
					"@executable_path/Frameworks",
				);
				MARKETING_VERSION = 1.0;
				PRODUCT_BUNDLE_IDENTIFIER = "com.hyeonsu.iDC-Project-basic";
				PRODUCT_NAME = "$(TARGET_NAME)";
				SWIFT_EMIT_LOC_STRINGS = YES;
				SWIFT_VERSION = 5.0;
				TARGETED_DEVICE_FAMILY = "1,2";
			};
			name = Debug;
		};
		458E5AEB29B9A5FB00E48DBF /* Release */ = {
			isa = XCBuildConfiguration;
			buildSettings = {
				ASSETCATALOG_COMPILER_APPICON_NAME = AppIcon;
				ASSETCATALOG_COMPILER_GLOBAL_ACCENT_COLOR_NAME = AccentColor;
				CODE_SIGN_STYLE = Automatic;
				CURRENT_PROJECT_VERSION = 1;
				GENERATE_INFOPLIST_FILE = YES;
				INFOPLIST_FILE = iDC_Project_basic/Info.plist;
				INFOPLIST_KEY_UIApplicationSupportsIndirectInputEvents = YES;
				INFOPLIST_KEY_UILaunchStoryboardName = LaunchScreen;
				INFOPLIST_KEY_UIMainStoryboardFile = "";
				INFOPLIST_KEY_UISupportedInterfaceOrientations_iPad = "UIInterfaceOrientationPortrait UIInterfaceOrientationPortraitUpsideDown UIInterfaceOrientationLandscapeLeft UIInterfaceOrientationLandscapeRight";
				INFOPLIST_KEY_UISupportedInterfaceOrientations_iPhone = "UIInterfaceOrientationPortrait UIInterfaceOrientationLandscapeLeft UIInterfaceOrientationLandscapeRight";
				LD_RUNPATH_SEARCH_PATHS = (
					"$(inherited)",
					"@executable_path/Frameworks",
				);
				MARKETING_VERSION = 1.0;
				PRODUCT_BUNDLE_IDENTIFIER = "com.hyeonsu.iDC-Project-basic";
				PRODUCT_NAME = "$(TARGET_NAME)";
				SWIFT_EMIT_LOC_STRINGS = YES;
				SWIFT_VERSION = 5.0;
				TARGETED_DEVICE_FAMILY = "1,2";
			};
			name = Release;
		};
/* End XCBuildConfiguration section */

/* Begin XCConfigurationList section */
		458E5AD029B9A5FA00E48DBF /* Build configuration list for PBXProject "iDC_Project_basic" */ = {
			isa = XCConfigurationList;
			buildConfigurations = (
				458E5AE729B9A5FB00E48DBF /* Debug */,
				458E5AE829B9A5FB00E48DBF /* Release */,
			);
			defaultConfigurationIsVisible = 0;
			defaultConfigurationName = Release;
		};
		458E5AE929B9A5FB00E48DBF /* Build configuration list for PBXNativeTarget "iDC_Project_basic" */ = {
			isa = XCConfigurationList;
			buildConfigurations = (
				458E5AEA29B9A5FB00E48DBF /* Debug */,
				458E5AEB29B9A5FB00E48DBF /* Release */,
			);
			defaultConfigurationIsVisible = 0;
			defaultConfigurationName = Release;
		};
/* End XCConfigurationList section */
	};
	rootObject = 458E5ACD29B9A5FA00E48DBF /* Project object */;
}
